Microsoft Visual Studio Solution File, Format Version 11.00
# Visual Studio 2008

Project("{C4D0F7C0-21A2-95EA-752B-E6A720EA2FF3}") = "Enritual", "Assembly-CSharp.csproj", "{7C1CC91B-833E-75AC-9D63-1BE03F6E5B66}"
EndProject
Global
	GlobalSection(SolutionConfigurationPlatforms) = preSolution
		Debug|Any CPU = Debug|Any CPU
		Release|Any CPU = Release|Any CPU
	EndGlobalSection
	GlobalSection(ProjectConfigurationPlatforms) = postSolution
		{7C1CC91B-833E-75AC-9D63-1BE03F6E5B66}.Debug|Any CPU.ActiveCfg = Debug|Any CPU
		{7C1CC91B-833E-75AC-9D63-1BE03F6E5B66}.Debug|Any CPU.Build.0 = Debug|Any CPU
		{7C1CC91B-833E-75AC-9D63-1BE03F6E5B66}.Release|Any CPU.ActiveCfg = Release|Any CPU
		{7C1CC91B-833E-75AC-9D63-1BE03F6E5B66}.Release|Any CPU.Build.0 = Release|Any CPU
	EndGlobalSection
	GlobalSection(SolutionProperties) = preSolution
		HideSolutionNode = FALSE
	EndGlobalSection
	GlobalSection(MonoDevelopProperties) = preSolution
		StartupItem = Assembly-CSharp.csproj
	EndGlobalSection
EndGlobal
