Microsoft Visual Studio Solution File, Format Version 11.00
# Visual Studio 2008

Project("{EDF31B16-D642-AAE7-A706-F81C970492D6}") = "Enritual_Tyler", "Assembly-CSharp-firstpass.csproj", "{BA0CF785-162A-1D07-F03B-E7B4000C0453}"
EndProject
Project("{EDF31B16-D642-AAE7-A706-F81C970492D6}") = "Enritual_Tyler", "Assembly-CSharp.csproj", "{72E5AB17-4601-F3C6-3EA0-D086EE771654}"
EndProject
Project("{EDF31B16-D642-AAE7-A706-F81C970492D6}") = "Enritual_Tyler", "Assembly-CSharp-Editor.csproj", "{F691304E-BA92-936A-B294-887266B6B3FE}"
EndProject
Global
	GlobalSection(SolutionConfigurationPlatforms) = preSolution
		Debug|Any CPU = Debug|Any CPU
		Release|Any CPU = Release|Any CPU
	EndGlobalSection
	GlobalSection(ProjectConfigurationPlatforms) = postSolution
		{BA0CF785-162A-1D07-F03B-E7B4000C0453}.Debug|Any CPU.ActiveCfg = Debug|Any CPU
		{BA0CF785-162A-1D07-F03B-E7B4000C0453}.Debug|Any CPU.Build.0 = Debug|Any CPU
		{BA0CF785-162A-1D07-F03B-E7B4000C0453}.Release|Any CPU.ActiveCfg = Release|Any CPU
		{BA0CF785-162A-1D07-F03B-E7B4000C0453}.Release|Any CPU.Build.0 = Release|Any CPU
		{72E5AB17-4601-F3C6-3EA0-D086EE771654}.Debug|Any CPU.ActiveCfg = Debug|Any CPU
		{72E5AB17-4601-F3C6-3EA0-D086EE771654}.Debug|Any CPU.Build.0 = Debug|Any CPU
		{72E5AB17-4601-F3C6-3EA0-D086EE771654}.Release|Any CPU.ActiveCfg = Release|Any CPU
		{72E5AB17-4601-F3C6-3EA0-D086EE771654}.Release|Any CPU.Build.0 = Release|Any CPU
		{F691304E-BA92-936A-B294-887266B6B3FE}.Debug|Any CPU.ActiveCfg = Debug|Any CPU
		{F691304E-BA92-936A-B294-887266B6B3FE}.Debug|Any CPU.Build.0 = Debug|Any CPU
		{F691304E-BA92-936A-B294-887266B6B3FE}.Release|Any CPU.ActiveCfg = Release|Any CPU
		{F691304E-BA92-936A-B294-887266B6B3FE}.Release|Any CPU.Build.0 = Release|Any CPU
	EndGlobalSection
	GlobalSection(SolutionProperties) = preSolution
		HideSolutionNode = FALSE
	EndGlobalSection
	GlobalSection(MonoDevelopProperties) = preSolution
		StartupItem = Assembly-CSharp.csproj
	EndGlobalSection
EndGlobal
